{
  "requires": true,
  "lockfileVersion": 1,
  "dependencies": {
    "@types/node": {
      "version": "10.10.1",
      "resolved": "https://registry.npmjs.org/@types/node/-/node-10.10.1.tgz",
      "integrity": "sha512-nzsx28VwfaIykfzMAG9TB3jxF5Nn+1/WMKnmVZc8TsB+LMIVvwUscVn7PAq+LFaY5ng5u4jp5mRROSswo76PPA=="
    }
  }
}
